
Microsoft Visual Studio Solution File, Format Version 12.00
# Visual Studio Version 17
VisualStudioVersion = 17.8.34322.80
MinimumVisualStudioVersion = 10.0.40219.1
Project("{FAE04EC0-301F-11D3-BF4B-00C04F79EFBC}") = "WebBookstore", "WebBookstore\WebBookstore.csproj", "{6B96A541-9E6D-44AA-9714-2D227F4EA9AF}"
EndProject
Global
	GlobalSection(SolutionConfigurationPlatforms) = preSolution
		Debug|Any CPU = Debug|Any CPU
		Release|Any CPU = Release|Any CPU
	EndGlobalSection
	GlobalSection(ProjectConfigurationPlatforms) = postSolution
		{6B96A541-9E6D-44AA-9714-2D227F4EA9AF}.Debug|Any CPU.ActiveCfg = Debug|Any CPU
		{6B96A541-9E6D-44AA-9714-2D227F4EA9AF}.Debug|Any CPU.Build.0 = Debug|Any CPU
		{6B96A541-9E6D-44AA-9714-2D227F4EA9AF}.Release|Any CPU.ActiveCfg = Release|Any CPU
		{6B96A541-9E6D-44AA-9714-2D227F4EA9AF}.Release|Any CPU.Build.0 = Release|Any CPU
	EndGlobalSection
	GlobalSection(SolutionProperties) = preSolution
		HideSolutionNode = FALSE
	EndGlobalSection
	GlobalSection(ExtensibilityGlobals) = postSolution
		SolutionGuid = {F037E2E3-DE50-44E0-8F19-05ECC29DD75F}
	EndGlobalSection
EndGlobal
